
Microsoft Visual Studio Solution File, Format Version 12.00
# Visual Studio 15
VisualStudioVersion = 15.0.28307.1401
MinimumVisualStudioVersion = 10.0.40219.1
Project("{FAE04EC0-301F-11D3-BF4B-00C04F79EFBC}") = "WebAppPremierLeague", "WebAppPremierLeague\WebAppPremierLeague.csproj", "{1E9F41B1-CBB6-4C02-8FAB-72786488D4A4}"
EndProject
Project("{FAE04EC0-301F-11D3-BF4B-00C04F79EFBC}") = "WebAppPremierLeague.Tests", "WebAppPremierLeague.Tests\WebAppPremierLeague.Tests.csproj", "{88D28B9E-8ECA-4B7F-BB35-F9B90514730E}"
EndProject
Global
	GlobalSection(SolutionConfigurationPlatforms) = preSolution
		Debug|Any CPU = Debug|Any CPU
		Release|Any CPU = Release|Any CPU
	EndGlobalSection
	GlobalSection(ProjectConfigurationPlatforms) = postSolution
		{1E9F41B1-CBB6-4C02-8FAB-72786488D4A4}.Debug|Any CPU.ActiveCfg = Debug|Any CPU
		{1E9F41B1-CBB6-4C02-8FAB-72786488D4A4}.Debug|Any CPU.Build.0 = Debug|Any CPU
		{1E9F41B1-CBB6-4C02-8FAB-72786488D4A4}.Release|Any CPU.ActiveCfg = Release|Any CPU
		{1E9F41B1-CBB6-4C02-8FAB-72786488D4A4}.Release|Any CPU.Build.0 = Release|Any CPU
		{88D28B9E-8ECA-4B7F-BB35-F9B90514730E}.Debug|Any CPU.ActiveCfg = Debug|Any CPU
		{88D28B9E-8ECA-4B7F-BB35-F9B90514730E}.Debug|Any CPU.Build.0 = Debug|Any CPU
		{88D28B9E-8ECA-4B7F-BB35-F9B90514730E}.Release|Any CPU.ActiveCfg = Release|Any CPU
		{88D28B9E-8ECA-4B7F-BB35-F9B90514730E}.Release|Any CPU.Build.0 = Release|Any CPU
	EndGlobalSection
	GlobalSection(SolutionProperties) = preSolution
		HideSolutionNode = FALSE
	EndGlobalSection
	GlobalSection(ExtensibilityGlobals) = postSolution
		SolutionGuid = {6CB6BFB2-B614-4492-92F1-8D8F2D56DA1D}
	EndGlobalSection
EndGlobal
